github.com/Dieterbe/profiletrigger v0.0.0-20161007152553-e8a1450fbba7 h1:iQ8AxN1DPaAePqY8uqpgG7n8RrIitbGkPLitIwGspVc=
github.com/Dieterbe/profiletrigger v0.0.0-20161007152553-e8a1450fbba7/go.mod h1:CUlj761TE4dOp31QUHzcXPSyGE1V7eVSKMhPFm8VVtw=
github.com/StackExchange/wmi v0.0.0-20180116203802-5d049714c4a6 h1:fLjPD/aNc3UIOA6tDi6QXUemppXK3P9BI7mr2hd6gx8=
github.com/StackExchange/wmi v0.0.0-20180116203802-5d049714c4a6/go.mod h1:3eOhrUMpNV+6aFIbp5/iudMxNCF27Vw2OZgy4xEx0Fg=
github.com/benbjohnson/clock v1.0.0 h1:78Jk/r6m4wCi6sndMpty7A//t4dw/RW5fV4ZgDVfX1w=
github.com/benbjohnson/clock v1.0.0/go.mod h1:bGMdMPoPVvcYyt1gHDf4J2KE153Yf9BuiUKYMaxlTDM=
github.com/bmizerany/assert v0.0.0-20160611221934-b7ed37b82869 h1:DDGfHa7BWjL4YnC6+E63dPcxHo2sUxDIu8g3QgEJdRY=
github.com/bmizerany/assert v0.0.0-20160611221934-b7ed37b82869/go.mod h1:Ekp36dRnpXw/yCqJaO+ZrUyxD+3VXMFFr56k5XYrpB4=
github.com/davecgh/go-spew v1.1.1 h1:vj9j/u1bqnvCEfJOwUhtlOARqs3+rkHYY13jYWTU97c=
github.com/davecgh/go-spew v1.1.1/go.mod h1:J7Y8YcW2NihsgmVo/mv3lAwl/skON4iLHjSsI+c5H38=
github.com/glacjay/goini v0.0.0-20161120062552-fd3024d87ee2 h1:+SEORW3KptcFnlhTbn7N0drG3AFnrcmBDWDyQ3Bt06o=
github.com/glacjay/goini v0.0.0-20161120062552-fd3024d87ee2/go.mod h1:1vW2LGZb8uLSqmYBOdxvhiwATuLtmyUTMezM3cHrIHQ=
github.com/go-ole/go-ole v1.2.2 h1:QNWhweRd9D5Py2rRVboZ2L4SEoW/dyraWJCc8bgS8kE=
github.com/go-ole/go-ole v1.2.2/go.mod h1:pnvuG7BrDMZ8ifMurTQmxwhQM/odqm9sSqNe5BUI7v4=
github.com/grafana/globalconf v0.0.0-20181214112547-7a1aae0695d9 h1:2/Bz5A5zR4TMGd9yvgGMal7nhQwHBt5/dfp0sbJFfes=
github.com/grafana/globalconf v0.0.0-20181214112547-7a1aae0695d9/go.mod h1:ROo+/1wHP6tqzSbIJ14Sp06NoZtauh5m0PF6RVJCaRA=
github.com/konsorten/go-windows-terminal-sequences v1.0.1 h1:mweAR1A6xJ3oS2pRaGiHgQ4OO8tzTaLawm8vnODuwDk=
github.com/konsorten/go-windows-terminal-sequences v1.0.1/go.mod h1:T0+1ngSBFLxvqU3pZ+m/2kptfBszLMUkC4ZK/EgS/cQ=
github.com/konsorten/go-windows-terminal-sequences v1.0.2 h1:DB17ag19krx9CFsz4o3enTrPXyIXCl+2iCXH/aMAp9s=
github.com/konsorten/go-windows-terminal-sequences v1.0.2/go.mod h1:T0+1ngSBFLxvqU3pZ+m/2kptfBszLMUkC4ZK/EgS/cQ=
github.com/kr/pretty v0.1.0 h1:L/CwN0zerZDmRFUapSPitk6f+Q3+0za1rQkzVuMiMFI=
github.com/kr/pretty v0.1.0/go.mod h1:dAy3ld7l9f0ibDNOQOHHMYYIIbhfbHSm3C4ZsoJORNo=
github.com/kr/pty v1.1.1/go.mod h1:pFQYn66WHrOpPYNljwOMqo10TkYh1fy3cYio2l3bCsQ=
github.com/kr/text v0.1.0 h1:45sCR5RtlFHMR4UwH9sdQ5TC8v0qDQCHnXt+kaKSTVE=
github.com/kr/text v0.1.0/go.mod h1:4Jbv+DJW3UT/LiOwJeYQe1efqtUx/iVham/4vfdArNI=
github.com/metrics20/go-metrics20 v0.0.0-20180821133656-717ed3a27bf9 h1:HJGxeTb4X202FGBHUwj22enx5McT2piwCK6k0uBvV1A=
github.com/metrics20/go-metrics20 v0.0.0-20180821133656-717ed3a27bf9/go.mod h1:aihH5QYDkB9IKLb+t3Fm/4cStUU9MBfLjmVWWEsG2Ok=
github.com/pmezard/go-difflib v1.0.0 h1:4DBwDE0NGyQoBHbLQYPwSUPoCMWR5BEzIk/f1lZbAQM=
github.com/pmezard/go-difflib v1.0.0/go.mod h1:iKH77koFhYxTK1pcRnkKkqfTogsbg7gZNVY4sRDYZ/4=
github.com/raintank/dur v0.0.0-20160713162306-7b06fb4cf932 h1:mSaFphkbST1YfutxOGjzViIQ89REenq/3RoE55lp2zM=
github.com/raintank/dur v0.0.0-20160713162306-7b06fb4cf932/go.mod h1:7BB8LeqBvE3vEKv3ZbgA324vRXhUVO9pT9UrKnYDnx8=
github.com/shirou/gopsutil v2.18.12+incompatible h1:1eaJvGomDnH74/5cF4CTmTbLHAriGFsTZppLXDX93OM=
github.com/shirou/gopsutil v2.18.12+incompatible/go.mod h1:5b4v6he4MtMOwMlS0TUMTu2PcXUg8+E1lC7eC3UO/RA=
github.com/shirou/w32 v0.0.0-20160930032740-bb4de0191aa4 h1:udFKJ0aHUL60LboW/A+DfgoHVedieIzIXE8uylPue0U=
github.com/shirou/w32 v0.0.0-20160930032740-bb4de0191aa4/go.mod h1:qsXQc7+bwAM3Q1u/4XEfrquwF8Lw7D7y5cD8CuHnfIc=
github.com/sirupsen/logrus v1.4.2 h1:SPIRibHv4MatM3XXNO2BJeFLZwZ2LvZgfQ5+UNI2im4=
github.com/sirupsen/logrus v1.4.2/go.mod h1:tLMulIdttU9McNUspp0xgXVQah82FyeX6MwdIuYE2rE=
github.com/stretchr/objx v0.1.1/go.mod h1:HFkY916IF+rwdDfMAkV7OtwuqBVzrE8GR6GFx+wExME=
github.com/stretchr/testify v1.2.2 h1:bSDNvY7ZPG5RlJ8otE/7V6gMiyenm9RtJ7IUVIAoJ1w=
github.com/stretchr/testify v1.2.2/go.mod h1:a8OnRcib4nhh0OaRAV+Yts87kKdq0PP7pXfy6kDkUVs=
github.com/tv42/topic v0.0.0-20130729201830-aa72cbe81b48 h1:4HadKLQh7sw8SobBMRWhMOZXHm+Nyx+c9xfhJlWEI2Y=
github.com/tv42/topic v0.0.0-20130729201830-aa72cbe81b48/go.mod h1:b4JA15yUof03YRQ6IiKevPk2syaMBMJb92x9PeyU+Xc=
golang.org/x/sys v0.0.0-20190422165155-953cdadca894/go.mod h1:h1NjWce9XRLGQEsW7wpKNCjG9DtNlClVuFLEZdDNbEs=
golang.org/x/sys v0.0.0-20200223170610-d5e6a3e2c0ae h1:/WDfKMnPU+m5M4xB+6x4kaepxRw6jWvR5iDRdvjHgy8=
golang.org/x/sys v0.0.0-20200223170610-d5e6a3e2c0ae/go.mod h1:h1NjWce9XRLGQEsW7wpKNCjG9DtNlClVuFLEZdDNbEs=
